
Microsoft Visual Studio Solution File, Format Version 12.00
# Visual Studio Version 16
VisualStudioVersion = 16.0.31515.178
MinimumVisualStudioVersion = 10.0.40219.1
Project("{9A19103F-16F7-4668-BE54-9A1E7A4F7556}") = "ConsoleClient", "MyMessanger\ConsoleClient.csproj", "{2066EE5C-0A3B-4B92-B29F-7D5BBAD0D9F1}"
EndProject
Project("{9A19103F-16F7-4668-BE54-9A1E7A4F7556}") = "ASPCoreServer", "ASPCoreServer\ASPCoreServer.csproj", "{9B7D783E-432E-46D1-8D75-FB5B37CE8FC3}"
EndProject
Project("{FAE04EC0-301F-11D3-BF4B-00C04F79EFBC}") = "WindowsFormsClient", "WindowsFormsClient\WindowsFormsClient.csproj", "{48CE4BDF-6894-4B5E-ADB1-C528EEBB6558}"
EndProject
Global
	GlobalSection(SolutionConfigurationPlatforms) = preSolution
		Debug|Any CPU = Debug|Any CPU
		Release|Any CPU = Release|Any CPU
	EndGlobalSection
	GlobalSection(ProjectConfigurationPlatforms) = postSolution
		{2066EE5C-0A3B-4B92-B29F-7D5BBAD0D9F1}.Debug|Any CPU.ActiveCfg = Debug|Any CPU
		{2066EE5C-0A3B-4B92-B29F-7D5BBAD0D9F1}.Debug|Any CPU.Build.0 = Debug|Any CPU
		{2066EE5C-0A3B-4B92-B29F-7D5BBAD0D9F1}.Release|Any CPU.ActiveCfg = Release|Any CPU
		{2066EE5C-0A3B-4B92-B29F-7D5BBAD0D9F1}.Release|Any CPU.Build.0 = Release|Any CPU
		{9B7D783E-432E-46D1-8D75-FB5B37CE8FC3}.Debug|Any CPU.ActiveCfg = Debug|Any CPU
		{9B7D783E-432E-46D1-8D75-FB5B37CE8FC3}.Debug|Any CPU.Build.0 = Debug|Any CPU
		{9B7D783E-432E-46D1-8D75-FB5B37CE8FC3}.Release|Any CPU.ActiveCfg = Release|Any CPU
		{9B7D783E-432E-46D1-8D75-FB5B37CE8FC3}.Release|Any CPU.Build.0 = Release|Any CPU
		{48CE4BDF-6894-4B5E-ADB1-C528EEBB6558}.Debug|Any CPU.ActiveCfg = Debug|Any CPU
		{48CE4BDF-6894-4B5E-ADB1-C528EEBB6558}.Debug|Any CPU.Build.0 = Debug|Any CPU
		{48CE4BDF-6894-4B5E-ADB1-C528EEBB6558}.Release|Any CPU.ActiveCfg = Release|Any CPU
		{48CE4BDF-6894-4B5E-ADB1-C528EEBB6558}.Release|Any CPU.Build.0 = Release|Any CPU
	EndGlobalSection
	GlobalSection(SolutionProperties) = preSolution
		HideSolutionNode = FALSE
	EndGlobalSection
	GlobalSection(ExtensibilityGlobals) = postSolution
		SolutionGuid = {6D6657D1-96B6-4163-BA33-564FA49CB414}
	EndGlobalSection
EndGlobal
